
Microsoft Visual Studio Solution File, Format Version 12.00
# Visual Studio Version 16
VisualStudioVersion = 16.0.30320.27
MinimumVisualStudioVersion = 10.0.40219.1
Project("{2150E333-8FDC-42A3-9474-1A3956D46DE8}") = "Architecture", "Architecture", "{1B024582-A27D-4457-9851-83E28054D5F1}"
EndProject
Project("{2150E333-8FDC-42A3-9474-1A3956D46DE8}") = "Application", "Application", "{4BA497EA-5C78-4881-A133-8C38005E81DB}"
EndProject
Project("{2150E333-8FDC-42A3-9474-1A3956D46DE8}") = "Domain", "Domain", "{6427C629-0E7B-46D1-9B69-38AA469992B3}"
EndProject
Project("{2150E333-8FDC-42A3-9474-1A3956D46DE8}") = "Infrastructure", "Infrastructure", "{F1EAACB5-03F5-49D6-B2F1-1AE845FD2F0B}"
EndProject
Project("{2150E333-8FDC-42A3-9474-1A3956D46DE8}") = "Services", "Services", "{07314763-A6AD-4D9F-AD8E-3568E55A2A79}"
EndProject
Project("{2150E333-8FDC-42A3-9474-1A3956D46DE8}") = "Transversal", "Transversal", "{E11B87F0-E3BB-49BB-A9AC-8579BDFAB6C9}"
EndProject
Project("{9A19103F-16F7-4668-BE54-9A1E7A4F7556}") = "ALPHA.InfraStructure.Data", "ALPHA.InfraStructure.Data\ALPHA.InfraStructure.Data.csproj", "{A2E4E8E0-20EE-499B-8E71-F405470DE62C}"
EndProject
Project("{9A19103F-16F7-4668-BE54-9A1E7A4F7556}") = "ALPHA.Transversal.Common", "ALPHA.Transversal.Common\ALPHA.Transversal.Common.csproj", "{BDBA3C3F-F645-4D60-8D13-3FE712139386}"
EndProject
Project("{9A19103F-16F7-4668-BE54-9A1E7A4F7556}") = "ALPHA.Transversal.Logging", "ALPHA.Transversal.Logging\ALPHA.Transversal.Logging.csproj", "{FC22FD02-DCF9-4082-A1DD-694E838380DD}"
EndProject
Project("{9A19103F-16F7-4668-BE54-9A1E7A4F7556}") = "ALPHA.Transversal.Mapper", "ALPHA.Transversal.Mapper\ALPHA.Transversal.Mapper.csproj", "{ACC0A6FC-F530-4E4C-BF15-0B88CCB4F1DD}"
EndProject
Project("{9A19103F-16F7-4668-BE54-9A1E7A4F7556}") = "ALPHA.InfraStructure.Interface", "ALPHA.InfraStructure.Interface\ALPHA.InfraStructure.Interface.csproj", "{332FD081-7141-445B-8902-D73D914F42BB}"
EndProject
Project("{9A19103F-16F7-4668-BE54-9A1E7A4F7556}") = "ALPHA.Domain.Entity", "ALPHA.Domain.Entity\ALPHA.Domain.Entity.csproj", "{A7923E38-3C33-410F-A61B-7D5C7C8D9CBF}"
EndProject
Project("{9A19103F-16F7-4668-BE54-9A1E7A4F7556}") = "ALPHA.InfraStructure.Repository", "ALPHA.InfraStructure.Repository\ALPHA.InfraStructure.Repository.csproj", "{B834C9E9-00FE-40FD-B4FA-F02F0083EA58}"
EndProject
Project("{9A19103F-16F7-4668-BE54-9A1E7A4F7556}") = "ALPHA.Domain.Core", "ALPHA.Domain.Core\ALPHA.Domain.Core.csproj", "{CB43985E-3BE2-4187-8FFC-1C10BEF3181C}"
EndProject
Project("{9A19103F-16F7-4668-BE54-9A1E7A4F7556}") = "ALPHA.Domain.Interface", "ALPHA.Domain.Interface\ALPHA.Domain.Interface.csproj", "{089143AC-A058-46B5-9C2D-AAF022AC07F3}"
EndProject
Project("{9A19103F-16F7-4668-BE54-9A1E7A4F7556}") = "ALPHA.Application.Interface", "ALPHA.Application.Interface\ALPHA.Application.Interface.csproj", "{B8B8A861-D231-4EF8-98E7-33AE70B0A5FD}"
EndProject
Project("{9A19103F-16F7-4668-BE54-9A1E7A4F7556}") = "ALPHA.Application.DTO", "ALPHA.Application.DTO\ALPHA.Application.DTO.csproj", "{CDE1A793-BC5C-4DFF-ABD7-6B93E4B6BBC2}"
EndProject
Project("{9A19103F-16F7-4668-BE54-9A1E7A4F7556}") = "ALPHA.Application.Main", "ALPHA.Application.Main\ALPHA.Application.Main.csproj", "{7556099E-CB5D-4D9E-9460-B99A071998BC}"
EndProject
Project("{9A19103F-16F7-4668-BE54-9A1E7A4F7556}") = "ALPHA.Services.WebAPIRest", "ALPHA.Services.WebAPIRest\ALPHA.Services.WebAPIRest.csproj", "{D135B35F-5353-4970-AB6E-D48983C37025}"
EndProject
Project("{2150E333-8FDC-42A3-9474-1A3956D46DE8}") = "Scripts", "Scripts", "{648E11E6-D270-45A8-80C4-6B5536DCE239}"
	ProjectSection(SolutionItems) = preProject
		Scripts\SEQUENCE.sql = Scripts\SEQUENCE.sql
		Scripts\TR_ContacByCorrespondencesInsert.sql = Scripts\TR_ContacByCorrespondencesInsert.sql
		Scripts\TR_ContacByCorrespondencesUpdate.sql = Scripts\TR_ContacByCorrespondencesUpdate.sql
		Scripts\TR_LogCorrespondencesDelete.sql = Scripts\TR_LogCorrespondencesDelete.sql
		Scripts\TR_LogCorrespondencesInsert.sql = Scripts\TR_LogCorrespondencesInsert.sql
		Scripts\TR_LogCorrespondencesUpdate.sql = Scripts\TR_LogCorrespondencesUpdate.sql
		Scripts\TR_LogUserInsert.sql = Scripts\TR_LogUserInsert.sql
		Scripts\TR_LogUserUpdate.sql = Scripts\TR_LogUserUpdate.sql
		Scripts\uspCorrespondencesDelete.sql = Scripts\uspCorrespondencesDelete.sql
		Scripts\uspCorrespondencesInsert.sql = Scripts\uspCorrespondencesInsert.sql
		Scripts\uspCorrespondencesUpdate.sql = Scripts\uspCorrespondencesUpdate.sql
		Scripts\UspgetCorrespondenceByID.sql = Scripts\UspgetCorrespondenceByID.sql
		Scripts\UspgetCorrespondences.sql = Scripts\UspgetCorrespondences.sql
		Scripts\UspgetCorrespondencesByUserId.sql = Scripts\UspgetCorrespondencesByUserId.sql
	EndProjectSection
EndProject
Project("{9A19103F-16F7-4668-BE54-9A1E7A4F7556}") = "ALPHA.InfraStructure.DAL", "ALPHA.InfraStructure.DAL\ALPHA.InfraStructure.DAL.csproj", "{15379A52-735D-45BC-B557-C88812EF7B0F}"
EndProject
Project("{2150E333-8FDC-42A3-9474-1A3956D46DE8}") = "UnitTests", "UnitTests", "{6442FA01-7895-471F-AA2B-6D66EB2BF384}"
EndProject
Project("{FAE04EC0-301F-11D3-BF4B-00C04F79EFBC}") = "ALPHA.Test", "ALPHA.Test\ALPHA.Test.csproj", "{6E73B5FA-B3A8-45FC-9C60-8C7C8F8B8A77}"
EndProject
Global
	GlobalSection(SolutionConfigurationPlatforms) = preSolution
		Debug|Any CPU = Debug|Any CPU
		Release|Any CPU = Release|Any CPU
	EndGlobalSection
	GlobalSection(ProjectConfigurationPlatforms) = postSolution
		{A2E4E8E0-20EE-499B-8E71-F405470DE62C}.Debug|Any CPU.ActiveCfg = Debug|Any CPU
		{A2E4E8E0-20EE-499B-8E71-F405470DE62C}.Debug|Any CPU.Build.0 = Debug|Any CPU
		{A2E4E8E0-20EE-499B-8E71-F405470DE62C}.Release|Any CPU.ActiveCfg = Release|Any CPU
		{A2E4E8E0-20EE-499B-8E71-F405470DE62C}.Release|Any CPU.Build.0 = Release|Any CPU
		{BDBA3C3F-F645-4D60-8D13-3FE712139386}.Debug|Any CPU.ActiveCfg = Debug|Any CPU
		{BDBA3C3F-F645-4D60-8D13-3FE712139386}.Debug|Any CPU.Build.0 = Debug|Any CPU
		{BDBA3C3F-F645-4D60-8D13-3FE712139386}.Release|Any CPU.ActiveCfg = Release|Any CPU
		{BDBA3C3F-F645-4D60-8D13-3FE712139386}.Release|Any CPU.Build.0 = Release|Any CPU
		{FC22FD02-DCF9-4082-A1DD-694E838380DD}.Debug|Any CPU.ActiveCfg = Debug|Any CPU
		{FC22FD02-DCF9-4082-A1DD-694E838380DD}.Debug|Any CPU.Build.0 = Debug|Any CPU
		{FC22FD02-DCF9-4082-A1DD-694E838380DD}.Release|Any CPU.ActiveCfg = Release|Any CPU
		{FC22FD02-DCF9-4082-A1DD-694E838380DD}.Release|Any CPU.Build.0 = Release|Any CPU
		{ACC0A6FC-F530-4E4C-BF15-0B88CCB4F1DD}.Debug|Any CPU.ActiveCfg = Debug|Any CPU
		{ACC0A6FC-F530-4E4C-BF15-0B88CCB4F1DD}.Debug|Any CPU.Build.0 = Debug|Any CPU
		{ACC0A6FC-F530-4E4C-BF15-0B88CCB4F1DD}.Release|Any CPU.ActiveCfg = Release|Any CPU
		{ACC0A6FC-F530-4E4C-BF15-0B88CCB4F1DD}.Release|Any CPU.Build.0 = Release|Any CPU
		{332FD081-7141-445B-8902-D73D914F42BB}.Debug|Any CPU.ActiveCfg = Debug|Any CPU
		{332FD081-7141-445B-8902-D73D914F42BB}.Debug|Any CPU.Build.0 = Debug|Any CPU
		{332FD081-7141-445B-8902-D73D914F42BB}.Release|Any CPU.ActiveCfg = Release|Any CPU
		{332FD081-7141-445B-8902-D73D914F42BB}.Release|Any CPU.Build.0 = Release|Any CPU
		{A7923E38-3C33-410F-A61B-7D5C7C8D9CBF}.Debug|Any CPU.ActiveCfg = Debug|Any CPU
		{A7923E38-3C33-410F-A61B-7D5C7C8D9CBF}.Debug|Any CPU.Build.0 = Debug|Any CPU
		{A7923E38-3C33-410F-A61B-7D5C7C8D9CBF}.Release|Any CPU.ActiveCfg = Release|Any CPU
		{A7923E38-3C33-410F-A61B-7D5C7C8D9CBF}.Release|Any CPU.Build.0 = Release|Any CPU
		{B834C9E9-00FE-40FD-B4FA-F02F0083EA58}.Debug|Any CPU.ActiveCfg = Debug|Any CPU
		{B834C9E9-00FE-40FD-B4FA-F02F0083EA58}.Debug|Any CPU.Build.0 = Debug|Any CPU
		{B834C9E9-00FE-40FD-B4FA-F02F0083EA58}.Release|Any CPU.ActiveCfg = Release|Any CPU
		{B834C9E9-00FE-40FD-B4FA-F02F0083EA58}.Release|Any CPU.Build.0 = Release|Any CPU
		{CB43985E-3BE2-4187-8FFC-1C10BEF3181C}.Debug|Any CPU.ActiveCfg = Debug|Any CPU
		{CB43985E-3BE2-4187-8FFC-1C10BEF3181C}.Debug|Any CPU.Build.0 = Debug|Any CPU
		{CB43985E-3BE2-4187-8FFC-1C10BEF3181C}.Release|Any CPU.ActiveCfg = Release|Any CPU
		{CB43985E-3BE2-4187-8FFC-1C10BEF3181C}.Release|Any CPU.Build.0 = Release|Any CPU
		{089143AC-A058-46B5-9C2D-AAF022AC07F3}.Debug|Any CPU.ActiveCfg = Debug|Any CPU
		{089143AC-A058-46B5-9C2D-AAF022AC07F3}.Debug|Any CPU.Build.0 = Debug|Any CPU
		{089143AC-A058-46B5-9C2D-AAF022AC07F3}.Release|Any CPU.ActiveCfg = Release|Any CPU
		{089143AC-A058-46B5-9C2D-AAF022AC07F3}.Release|Any CPU.Build.0 = Release|Any CPU
		{B8B8A861-D231-4EF8-98E7-33AE70B0A5FD}.Debug|Any CPU.ActiveCfg = Debug|Any CPU
		{B8B8A861-D231-4EF8-98E7-33AE70B0A5FD}.Debug|Any CPU.Build.0 = Debug|Any CPU
		{B8B8A861-D231-4EF8-98E7-33AE70B0A5FD}.Release|Any CPU.ActiveCfg = Release|Any CPU
		{B8B8A861-D231-4EF8-98E7-33AE70B0A5FD}.Release|Any CPU.Build.0 = Release|Any CPU
		{CDE1A793-BC5C-4DFF-ABD7-6B93E4B6BBC2}.Debug|Any CPU.ActiveCfg = Debug|Any CPU
		{CDE1A793-BC5C-4DFF-ABD7-6B93E4B6BBC2}.Debug|Any CPU.Build.0 = Debug|Any CPU
		{CDE1A793-BC5C-4DFF-ABD7-6B93E4B6BBC2}.Release|Any CPU.ActiveCfg = Release|Any CPU
		{CDE1A793-BC5C-4DFF-ABD7-6B93E4B6BBC2}.Release|Any CPU.Build.0 = Release|Any CPU
		{7556099E-CB5D-4D9E-9460-B99A071998BC}.Debug|Any CPU.ActiveCfg = Debug|Any CPU
		{7556099E-CB5D-4D9E-9460-B99A071998BC}.Debug|Any CPU.Build.0 = Debug|Any CPU
		{7556099E-CB5D-4D9E-9460-B99A071998BC}.Release|Any CPU.ActiveCfg = Release|Any CPU
		{7556099E-CB5D-4D9E-9460-B99A071998BC}.Release|Any CPU.Build.0 = Release|Any CPU
		{D135B35F-5353-4970-AB6E-D48983C37025}.Debug|Any CPU.ActiveCfg = Debug|Any CPU
		{D135B35F-5353-4970-AB6E-D48983C37025}.Debug|Any CPU.Build.0 = Debug|Any CPU
		{D135B35F-5353-4970-AB6E-D48983C37025}.Release|Any CPU.ActiveCfg = Release|Any CPU
		{D135B35F-5353-4970-AB6E-D48983C37025}.Release|Any CPU.Build.0 = Release|Any CPU
		{15379A52-735D-45BC-B557-C88812EF7B0F}.Debug|Any CPU.ActiveCfg = Debug|Any CPU
		{15379A52-735D-45BC-B557-C88812EF7B0F}.Debug|Any CPU.Build.0 = Debug|Any CPU
		{15379A52-735D-45BC-B557-C88812EF7B0F}.Release|Any CPU.ActiveCfg = Release|Any CPU
		{15379A52-735D-45BC-B557-C88812EF7B0F}.Release|Any CPU.Build.0 = Release|Any CPU
		{6E73B5FA-B3A8-45FC-9C60-8C7C8F8B8A77}.Debug|Any CPU.ActiveCfg = Debug|Any CPU
		{6E73B5FA-B3A8-45FC-9C60-8C7C8F8B8A77}.Debug|Any CPU.Build.0 = Debug|Any CPU
		{6E73B5FA-B3A8-45FC-9C60-8C7C8F8B8A77}.Release|Any CPU.ActiveCfg = Release|Any CPU
		{6E73B5FA-B3A8-45FC-9C60-8C7C8F8B8A77}.Release|Any CPU.Build.0 = Release|Any CPU
	EndGlobalSection
	GlobalSection(SolutionProperties) = preSolution
		HideSolutionNode = FALSE
	EndGlobalSection
	GlobalSection(NestedProjects) = preSolution
		{4BA497EA-5C78-4881-A133-8C38005E81DB} = {1B024582-A27D-4457-9851-83E28054D5F1}
		{6427C629-0E7B-46D1-9B69-38AA469992B3} = {1B024582-A27D-4457-9851-83E28054D5F1}
		{F1EAACB5-03F5-49D6-B2F1-1AE845FD2F0B} = {1B024582-A27D-4457-9851-83E28054D5F1}
		{07314763-A6AD-4D9F-AD8E-3568E55A2A79} = {1B024582-A27D-4457-9851-83E28054D5F1}
		{E11B87F0-E3BB-49BB-A9AC-8579BDFAB6C9} = {1B024582-A27D-4457-9851-83E28054D5F1}
		{A2E4E8E0-20EE-499B-8E71-F405470DE62C} = {F1EAACB5-03F5-49D6-B2F1-1AE845FD2F0B}
		{BDBA3C3F-F645-4D60-8D13-3FE712139386} = {E11B87F0-E3BB-49BB-A9AC-8579BDFAB6C9}
		{FC22FD02-DCF9-4082-A1DD-694E838380DD} = {E11B87F0-E3BB-49BB-A9AC-8579BDFAB6C9}
		{ACC0A6FC-F530-4E4C-BF15-0B88CCB4F1DD} = {E11B87F0-E3BB-49BB-A9AC-8579BDFAB6C9}
		{332FD081-7141-445B-8902-D73D914F42BB} = {F1EAACB5-03F5-49D6-B2F1-1AE845FD2F0B}
		{A7923E38-3C33-410F-A61B-7D5C7C8D9CBF} = {6427C629-0E7B-46D1-9B69-38AA469992B3}
		{B834C9E9-00FE-40FD-B4FA-F02F0083EA58} = {F1EAACB5-03F5-49D6-B2F1-1AE845FD2F0B}
		{CB43985E-3BE2-4187-8FFC-1C10BEF3181C} = {6427C629-0E7B-46D1-9B69-38AA469992B3}
		{089143AC-A058-46B5-9C2D-AAF022AC07F3} = {6427C629-0E7B-46D1-9B69-38AA469992B3}
		{B8B8A861-D231-4EF8-98E7-33AE70B0A5FD} = {4BA497EA-5C78-4881-A133-8C38005E81DB}
		{CDE1A793-BC5C-4DFF-ABD7-6B93E4B6BBC2} = {4BA497EA-5C78-4881-A133-8C38005E81DB}
		{7556099E-CB5D-4D9E-9460-B99A071998BC} = {4BA497EA-5C78-4881-A133-8C38005E81DB}
		{D135B35F-5353-4970-AB6E-D48983C37025} = {07314763-A6AD-4D9F-AD8E-3568E55A2A79}
		{15379A52-735D-45BC-B557-C88812EF7B0F} = {F1EAACB5-03F5-49D6-B2F1-1AE845FD2F0B}
		{6442FA01-7895-471F-AA2B-6D66EB2BF384} = {1B024582-A27D-4457-9851-83E28054D5F1}
		{6E73B5FA-B3A8-45FC-9C60-8C7C8F8B8A77} = {6442FA01-7895-471F-AA2B-6D66EB2BF384}
	EndGlobalSection
	GlobalSection(ExtensibilityGlobals) = postSolution
		SolutionGuid = {01B6DEF1-4299-4F47-90AB-A49619F3FDD2}
	EndGlobalSection
EndGlobal
